
Microsoft Visual Studio Solution File, Format Version 12.00
# Visual Studio 14
VisualStudioVersion = 14.0.25420.1
MinimumVisualStudioVersion = 10.0.40219.1
Project("{FAE04EC0-301F-11D3-BF4B-00C04F79EFBC}") = "AuthenticationDemo.Api", "AuthenticationDemo.Api\AuthenticationDemo.Api.csproj", "{B5C7A96C-CE85-472B-992F-AD29B87F30F7}"
EndProject
Project("{FAE04EC0-301F-11D3-BF4B-00C04F79EFBC}") = "AuthenticationDemo.Web", "AuthenticationDemo.Web\AuthenticationDemo.Web.csproj", "{A339FD0F-0148-4B66-8C19-0544FF4C916A}"
EndProject
Project("{FAE04EC0-301F-11D3-BF4B-00C04F79EFBC}") = "AuthenticationDemo.Hasher", "AuthenticationDemo.Hasher\AuthenticationDemo.Hasher.csproj", "{E76F7819-F593-4AFD-B3A7-E9DEECD95382}"
EndProject
Global
	GlobalSection(SolutionConfigurationPlatforms) = preSolution
		Debug|Any CPU = Debug|Any CPU
		Release|Any CPU = Release|Any CPU
	EndGlobalSection
	GlobalSection(ProjectConfigurationPlatforms) = postSolution
		{B5C7A96C-CE85-472B-992F-AD29B87F30F7}.Debug|Any CPU.ActiveCfg = Debug|Any CPU
		{B5C7A96C-CE85-472B-992F-AD29B87F30F7}.Debug|Any CPU.Build.0 = Debug|Any CPU
		{B5C7A96C-CE85-472B-992F-AD29B87F30F7}.Release|Any CPU.ActiveCfg = Release|Any CPU
		{B5C7A96C-CE85-472B-992F-AD29B87F30F7}.Release|Any CPU.Build.0 = Release|Any CPU
		{A339FD0F-0148-4B66-8C19-0544FF4C916A}.Debug|Any CPU.ActiveCfg = Debug|Any CPU
		{A339FD0F-0148-4B66-8C19-0544FF4C916A}.Debug|Any CPU.Build.0 = Debug|Any CPU
		{A339FD0F-0148-4B66-8C19-0544FF4C916A}.Release|Any CPU.ActiveCfg = Release|Any CPU
		{A339FD0F-0148-4B66-8C19-0544FF4C916A}.Release|Any CPU.Build.0 = Release|Any CPU
		{E76F7819-F593-4AFD-B3A7-E9DEECD95382}.Debug|Any CPU.ActiveCfg = Debug|Any CPU
		{E76F7819-F593-4AFD-B3A7-E9DEECD95382}.Debug|Any CPU.Build.0 = Debug|Any CPU
		{E76F7819-F593-4AFD-B3A7-E9DEECD95382}.Release|Any CPU.ActiveCfg = Release|Any CPU
		{E76F7819-F593-4AFD-B3A7-E9DEECD95382}.Release|Any CPU.Build.0 = Release|Any CPU
	EndGlobalSection
	GlobalSection(SolutionProperties) = preSolution
		HideSolutionNode = FALSE
	EndGlobalSection
EndGlobal
