
Microsoft Visual Studio Solution File, Format Version 12.00
# Visual Studio 14
VisualStudioVersion = 14.0.25420.1
MinimumVisualStudioVersion = 10.0.40219.1
Project("{FAE04EC0-301F-11D3-BF4B-00C04F79EFBC}") = "AppAuthDemo.Api", "AppAuthDemo.Api\AppAuthDemo.Api.csproj", "{35D0A1BE-6A8F-4232-BC6A-920400771DE3}"
EndProject
Project("{FAE04EC0-301F-11D3-BF4B-00C04F79EFBC}") = "AppAuthDemo.Client", "AppAuthDemo.Client\AppAuthDemo.Client.csproj", "{69A7303F-017D-40A9-9526-65FE847E3228}"
EndProject
Global
	GlobalSection(SolutionConfigurationPlatforms) = preSolution
		Debug|Any CPU = Debug|Any CPU
		Release|Any CPU = Release|Any CPU
	EndGlobalSection
	GlobalSection(ProjectConfigurationPlatforms) = postSolution
		{35D0A1BE-6A8F-4232-BC6A-920400771DE3}.Debug|Any CPU.ActiveCfg = Debug|Any CPU
		{35D0A1BE-6A8F-4232-BC6A-920400771DE3}.Debug|Any CPU.Build.0 = Debug|Any CPU
		{35D0A1BE-6A8F-4232-BC6A-920400771DE3}.Release|Any CPU.ActiveCfg = Release|Any CPU
		{35D0A1BE-6A8F-4232-BC6A-920400771DE3}.Release|Any CPU.Build.0 = Release|Any CPU
		{69A7303F-017D-40A9-9526-65FE847E3228}.Debug|Any CPU.ActiveCfg = Debug|Any CPU
		{69A7303F-017D-40A9-9526-65FE847E3228}.Debug|Any CPU.Build.0 = Debug|Any CPU
		{69A7303F-017D-40A9-9526-65FE847E3228}.Release|Any CPU.ActiveCfg = Release|Any CPU
		{69A7303F-017D-40A9-9526-65FE847E3228}.Release|Any CPU.Build.0 = Release|Any CPU
	EndGlobalSection
	GlobalSection(SolutionProperties) = preSolution
		HideSolutionNode = FALSE
	EndGlobalSection
EndGlobal
